
Microsoft Visual Studio Solution File, Format Version 12.00
# Visual Studio Version 16
VisualStudioVersion = 16.0.30523.141
MinimumVisualStudioVersion = 10.0.40219.1
Project("{FAE04EC0-301F-11D3-BF4B-00C04F79EFBC}") = "SolidExamples", "SolidExamples\SolidExamples.csproj", "{4DFE1960-611B-448C-B723-8D631C3BF1CF}"
EndProject
Project("{FAE04EC0-301F-11D3-BF4B-00C04F79EFBC}") = "SolidExamples.Tests", "SolidExamples.Tests\SolidExamples.Tests.csproj", "{F56BE216-2A79-472C-8D98-D4B4B66C9C64}"
EndProject
Global
	GlobalSection(SolutionConfigurationPlatforms) = preSolution
		Debug|Any CPU = Debug|Any CPU
		Release|Any CPU = Release|Any CPU
	EndGlobalSection
	GlobalSection(ProjectConfigurationPlatforms) = postSolution
		{4DFE1960-611B-448C-B723-8D631C3BF1CF}.Debug|Any CPU.ActiveCfg = Debug|Any CPU
		{4DFE1960-611B-448C-B723-8D631C3BF1CF}.Debug|Any CPU.Build.0 = Debug|Any CPU
		{4DFE1960-611B-448C-B723-8D631C3BF1CF}.Release|Any CPU.ActiveCfg = Release|Any CPU
		{4DFE1960-611B-448C-B723-8D631C3BF1CF}.Release|Any CPU.Build.0 = Release|Any CPU
		{F56BE216-2A79-472C-8D98-D4B4B66C9C64}.Debug|Any CPU.ActiveCfg = Debug|Any CPU
		{F56BE216-2A79-472C-8D98-D4B4B66C9C64}.Debug|Any CPU.Build.0 = Debug|Any CPU
		{F56BE216-2A79-472C-8D98-D4B4B66C9C64}.Release|Any CPU.ActiveCfg = Release|Any CPU
		{F56BE216-2A79-472C-8D98-D4B4B66C9C64}.Release|Any CPU.Build.0 = Release|Any CPU
	EndGlobalSection
	GlobalSection(SolutionProperties) = preSolution
		HideSolutionNode = FALSE
	EndGlobalSection
	GlobalSection(ExtensibilityGlobals) = postSolution
		SolutionGuid = {DED5BDC5-B2C1-4D2C-A68E-49BAFD0402DB}
	EndGlobalSection
EndGlobal
